{
  "name": "schoolstore_project",
  "lockfileVersion": 3,
  "requires": true,
  "packages": {
    "": {
      "dependencies": {
        "htmx.org": "^1.9.8"
      }
    },
    "node_modules/htmx.org": {
      "version": "1.9.8",
      "resolved": "https://registry.npmjs.org/htmx.org/-/htmx.org-1.9.8.tgz",
      "integrity": "sha512-eH825QM6yJ1AeHTJgUxy3xnXnP/uXD56x52/VYnQ9CMw+o9H04ar/GY5PHuiZeelsqLK4wkviVdCel7u+3h4Fw=="
    }
  }
}
